// !$*UTF8*$!
{
	archiveVersion = 1;
	classes = {
	};
	objectVersion = 56;
	objects = {

/* Begin PBXBuildFile section */
		2E46EB392CDDF74600447382 /* frenchtoast.jpeg in Resources */ = {isa = PBXBuildFile; fileRef = 2E46EB372CDDF74600447382 /* frenchtoast.jpeg */; };
		2E46EB3A2CDDF74600447382 /* maccheese.png in Resources */ = {isa = PBXBuildFile; fileRef = 2E46EB382CDDF74600447382 /* maccheese.png */; };
		2E78C8732CDDF46A0099231D /* grilledcheese.png in Resources */ = {isa = PBXBuildFile; fileRef = 2E78C8722CDDF46A0099231D /* grilledcheese.png */; };
		2E78C8752CDDF48D0099231D /* sausage.png in Resources */ = {isa = PBXBuildFile; fileRef = 2E78C8742CDDF48D0099231D /* sausage.png */; };
		2EBE66052CDDA93F001BC111 /* RecipeDetailView.swift in Sources */ = {isa = PBXBuildFile; fileRef = 2EBE66042CDDA93A001BC111 /* RecipeDetailView.swift */; };
		46110AD32CDDB5CA00FBBC50 /* EventsViewModel.swift in Sources */ = {isa = PBXBuildFile; fileRef = 46110AD22CDDB5CA00FBBC50 /* EventsViewModel.swift */; };
		46110AD52CDDFD2800FBBC50 /* EventDetailViewModel.swift in Sources */ = {isa = PBXBuildFile; fileRef = 46110AD42CDDFD2800FBBC50 /* EventDetailViewModel.swift */; };
		46110AD72CDE0E1200FBBC50 /* RecipeMenuCard.swift in Sources */ = {isa = PBXBuildFile; fileRef = 46110AD62CDE0E1200FBBC50 /* RecipeMenuCard.swift */; };
		46110AD92CDE235F00FBBC50 /* AddIngredientsViewModel.swift in Sources */ = {isa = PBXBuildFile; fileRef = 46110AD82CDE235F00FBBC50 /* AddIngredientsViewModel.swift */; };
		46970CE72CD9954F0057E4D3 /* EventDetailView.swift in Sources */ = {isa = PBXBuildFile; fileRef = 46970CE62CD9954F0057E4D3 /* EventDetailView.swift */; };
		46970CE92CD9956C0057E4D3 /* EventHeaderView.swift in Sources */ = {isa = PBXBuildFile; fileRef = 46970CE82CD9956C0057E4D3 /* EventHeaderView.swift */; };
		46970CEB2CD995830057E4D3 /* MenuSectionView.swift in Sources */ = {isa = PBXBuildFile; fileRef = 46970CEA2CD995830057E4D3 /* MenuSectionView.swift */; };
		46970CED2CD995990057E4D3 /* IngredientsSectionView.swift in Sources */ = {isa = PBXBuildFile; fileRef = 46970CEC2CD995990057E4D3 /* IngredientsSectionView.swift */; };
		46970CFC2CD9AC410057E4D3 /* AddIngredientsView.swift in Sources */ = {isa = PBXBuildFile; fileRef = 46970CFB2CD9AC410057E4D3 /* AddIngredientsView.swift */; };
		46970CFF2CD9AE590057E4D3 /* MyEventsView.swift in Sources */ = {isa = PBXBuildFile; fileRef = 46970CE32CD97C2C0057E4D3 /* MyEventsView.swift */; };
		46970D012CD9BA7C0057E4D3 /* RecipeSearchViewModel.swift in Sources */ = {isa = PBXBuildFile; fileRef = 46970D002CD9BA7C0057E4D3 /* RecipeSearchViewModel.swift */; };
		46970D042CD9BC830057E4D3 /* RecipeSearchCard.swift in Sources */ = {isa = PBXBuildFile; fileRef = 46970D032CD9BC830057E4D3 /* RecipeSearchCard.swift */; };
		46970D062CD9BE160057E4D3 /* RecipeSearchView.swift in Sources */ = {isa = PBXBuildFile; fileRef = 46970D052CD9BE160057E4D3 /* RecipeSearchView.swift */; };
		760E6FA82CD337CA007FD962 /* EventViewModel.swift in Sources */ = {isa = PBXBuildFile; fileRef = 760E6FA72CD337CA007FD962 /* EventViewModel.swift */; };
		760E6FAA2CD337DF007FD962 /* DateSelectionView.swift in Sources */ = {isa = PBXBuildFile; fileRef = 760E6FA92CD337DF007FD962 /* DateSelectionView.swift */; };
		760E6FAC2CD337F5007FD962 /* TimeSelectionView.swift in Sources */ = {isa = PBXBuildFile; fileRef = 760E6FAB2CD337F5007FD962 /* TimeSelectionView.swift */; };
		760E6FAE2CD33807007FD962 /* InviteFriendsView.swift in Sources */ = {isa = PBXBuildFile; fileRef = 760E6FAD2CD33807007FD962 /* InviteFriendsView.swift */; };
		760E6FB02CD33823007FD962 /* QRCodeView.swift in Sources */ = {isa = PBXBuildFile; fileRef = 760E6FAF2CD33823007FD962 /* QRCodeView.swift */; };
		765C491D2CC203DF003A9D8C /* Team02App.swift in Sources */ = {isa = PBXBuildFile; fileRef = 765C491C2CC203DF003A9D8C /* Team02App.swift */; };
		765C491F2CC203DF003A9D8C /* ContentView.swift in Sources */ = {isa = PBXBuildFile; fileRef = 765C491E2CC203DF003A9D8C /* ContentView.swift */; };
		765C49212CC203E1003A9D8C /* Assets.xcassets in Resources */ = {isa = PBXBuildFile; fileRef = 765C49202CC203E1003A9D8C /* Assets.xcassets */; };
		765C49242CC203E1003A9D8C /* Preview Assets.xcassets in Resources */ = {isa = PBXBuildFile; fileRef = 765C49232CC203E1003A9D8C /* Preview Assets.xcassets */; };
		76771CE42CEF1C1900B26169 /* ProfileView.swift in Sources */ = {isa = PBXBuildFile; fileRef = 76771CE32CEF1C1900B26169 /* ProfileView.swift */; };
		76A419FF2CF5C01700967046 /* ProfileViewModel.swift in Sources */ = {isa = PBXBuildFile; fileRef = 76A419FE2CF5C01700967046 /* ProfileViewModel.swift */; };
		76A41A012CF5C04200967046 /* LikedRecipesView.swift in Sources */ = {isa = PBXBuildFile; fileRef = 76A41A002CF5C04200967046 /* LikedRecipesView.swift */; };
		76A41A032CF5C66300967046 /* ProfileRecipeMenuCard.swift in Sources */ = {isa = PBXBuildFile; fileRef = 76A41A022CF5C66300967046 /* ProfileRecipeMenuCard.swift */; };
		76A6126C2CF45F870003B46D /* HomeRecipeSearchCard.swift in Sources */ = {isa = PBXBuildFile; fileRef = 76A6126B2CF45F870003B46D /* HomeRecipeSearchCard.swift */; };
		76A6126E2CF462180003B46D /* HomeRecipeSearchView.swift in Sources */ = {isa = PBXBuildFile; fileRef = 76A6126D2CF462180003B46D /* HomeRecipeSearchView.swift */; };
		76C6789C2CDC71A90093A25C /* Team02Tests.swift in Sources */ = {isa = PBXBuildFile; fileRef = 76C6789B2CDC71A90093A25C /* Team02Tests.swift */; };
		76C678A32CDC71CB0093A25C /* UserTests.swift in Sources */ = {isa = PBXBuildFile; fileRef = 76C678A22CDC71CB0093A25C /* UserTests.swift */; };
		76C678A52CDC76A90093A25C /* EventTests.swift in Sources */ = {isa = PBXBuildFile; fileRef = 76C678A42CDC76A90093A25C /* EventTests.swift */; };
		76C678A72CDC7ACE0093A25C /* TransactionTests.swift in Sources */ = {isa = PBXBuildFile; fileRef = 76C678A62CDC7ACE0093A25C /* TransactionTests.swift */; };
		76D0CA3F2CDB184C00982FAA /* UserViewModel.swift in Sources */ = {isa = PBXBuildFile; fileRef = 76D0CA3E2CDB184C00982FAA /* UserViewModel.swift */; };
		76EBA4512CD07C14002C9836 /* User.swift in Sources */ = {isa = PBXBuildFile; fileRef = 76EBA4502CD07C14002C9836 /* User.swift */; };
		76EBA4532CD07CE8002C9836 /* Event.swift in Sources */ = {isa = PBXBuildFile; fileRef = 76EBA4522CD07CE8002C9836 /* Event.swift */; };
		76EBA4552CD07D0C002C9836 /* MenuDatabase.swift in Sources */ = {isa = PBXBuildFile; fileRef = 76EBA4542CD07D0C002C9836 /* MenuDatabase.swift */; };
		76EBA4572CD07D23002C9836 /* Transaction.swift in Sources */ = {isa = PBXBuildFile; fileRef = 76EBA4562CD07D23002C9836 /* Transaction.swift */; };
		76EBA4592CD07D45002C9836 /* Ingredient.swift in Sources */ = {isa = PBXBuildFile; fileRef = 76EBA4582CD07D45002C9836 /* Ingredient.swift */; };
		76EBA45B2CD07D5D002C9836 /* Recipe.swift in Sources */ = {isa = PBXBuildFile; fileRef = 76EBA45A2CD07D5D002C9836 /* Recipe.swift */; };
		76EBA45E2CD08B0B002C9836 /* HomePageViewModel.swift in Sources */ = {isa = PBXBuildFile; fileRef = 76EBA45D2CD08B0B002C9836 /* HomePageViewModel.swift */; };
		76EBA4602CD08B36002C9836 /* HomeView.swift in Sources */ = {isa = PBXBuildFile; fileRef = 76EBA45F2CD08B36002C9836 /* HomeView.swift */; };
		76EBA4642CD08B85002C9836 /* RecipeCard.swift in Sources */ = {isa = PBXBuildFile; fileRef = 76EBA4632CD08B85002C9836 /* RecipeCard.swift */; };
		76EBA4662CD08D7C002C9836 /* EventCard.swift in Sources */ = {isa = PBXBuildFile; fileRef = 76EBA4652CD08D7C002C9836 /* EventCard.swift */; };
		76EBA4682CD08D98002C9836 /* CategoryIcon.swift in Sources */ = {isa = PBXBuildFile; fileRef = 76EBA4672CD08D98002C9836 /* CategoryIcon.swift */; };
		76EBA46A2CD08DF2002C9836 /* EventRow.swift in Sources */ = {isa = PBXBuildFile; fileRef = 76EBA4692CD08DF2002C9836 /* EventRow.swift */; };
		76EBA46D2CD08FA3002C9836 /* profile_pic.jpeg in Resources */ = {isa = PBXBuildFile; fileRef = 76EBA46C2CD08FA3002C9836 /* profile_pic.jpeg */; };
		76FAC53F2CD7479C00FE1DA7 /* FirebaseAuth in Frameworks */ = {isa = PBXBuildFile; productRef = 76FAC53E2CD7479C00FE1DA7 /* FirebaseAuth */; };
		76FAC5412CD7479C00FE1DA7 /* FirebaseCore in Frameworks */ = {isa = PBXBuildFile; productRef = 76FAC5402CD7479C00FE1DA7 /* FirebaseCore */; };
		76FAC5432CD7479C00FE1DA7 /* FirebaseFirestore in Frameworks */ = {isa = PBXBuildFile; productRef = 76FAC5422CD7479C00FE1DA7 /* FirebaseFirestore */; };
		76FAC5452CD75AFD00FE1DA7 /* AppDelegate.swift in Sources */ = {isa = PBXBuildFile; fileRef = 76FAC5442CD75AFD00FE1DA7 /* AppDelegate.swift */; };
		76FAC5472CD75CA900FE1DA7 /* FirebaseDatabase in Frameworks */ = {isa = PBXBuildFile; productRef = 76FAC5462CD75CA900FE1DA7 /* FirebaseDatabase */; };
		76FAC54D2CD776BE00FE1DA7 /* GoogleService-Info.plist in Resources */ = {isa = PBXBuildFile; fileRef = 76FAC54C2CD776BE00FE1DA7 /* GoogleService-Info.plist */; };
		76FD3BA22CDC7D3B002FDF77 /* IngredientTests.swift in Sources */ = {isa = PBXBuildFile; fileRef = 76FD3BA12CDC7D3B002FDF77 /* IngredientTests.swift */; };
		76FD3BA42CDC7E94002FDF77 /* RecipeTests.swift in Sources */ = {isa = PBXBuildFile; fileRef = 76FD3BA32CDC7E94002FDF77 /* RecipeTests.swift */; };
/* End PBXBuildFile section */

/* Begin PBXContainerItemProxy section */
		76C6789D2CDC71A90093A25C /* PBXContainerItemProxy */ = {
			isa = PBXContainerItemProxy;
			containerPortal = 765C49112CC203DF003A9D8C /* Project object */;
			proxyType = 1;
			remoteGlobalIDString = 765C49182CC203DF003A9D8C;
			remoteInfo = Team02;
		};
/* End PBXContainerItemProxy section */

/* Begin PBXFileReference section */
		2E46EB372CDDF74600447382 /* frenchtoast.jpeg */ = {isa = PBXFileReference; lastKnownFileType = image.jpeg; path = frenchtoast.jpeg; sourceTree = "<group>"; };
		2E46EB382CDDF74600447382 /* maccheese.png */ = {isa = PBXFileReference; lastKnownFileType = image.png; path = maccheese.png; sourceTree = "<group>"; };
		2E78C8722CDDF46A0099231D /* grilledcheese.png */ = {isa = PBXFileReference; lastKnownFileType = image.png; path = grilledcheese.png; sourceTree = "<group>"; };
		2E78C8742CDDF48D0099231D /* sausage.png */ = {isa = PBXFileReference; lastKnownFileType = image.png; path = sausage.png; sourceTree = "<group>"; };
		2EBE66042CDDA93A001BC111 /* RecipeDetailView.swift */ = {isa = PBXFileReference; lastKnownFileType = sourcecode.swift; path = RecipeDetailView.swift; sourceTree = "<group>"; };
		46110AD22CDDB5CA00FBBC50 /* EventsViewModel.swift */ = {isa = PBXFileReference; lastKnownFileType = sourcecode.swift; path = EventsViewModel.swift; sourceTree = "<group>"; };
		46110AD42CDDFD2800FBBC50 /* EventDetailViewModel.swift */ = {isa = PBXFileReference; lastKnownFileType = sourcecode.swift; path = EventDetailViewModel.swift; sourceTree = "<group>"; };
		46110AD62CDE0E1200FBBC50 /* RecipeMenuCard.swift */ = {isa = PBXFileReference; lastKnownFileType = sourcecode.swift; path = RecipeMenuCard.swift; sourceTree = "<group>"; };
		46110AD82CDE235F00FBBC50 /* AddIngredientsViewModel.swift */ = {isa = PBXFileReference; lastKnownFileType = sourcecode.swift; path = AddIngredientsViewModel.swift; sourceTree = "<group>"; };
		46970CE32CD97C2C0057E4D3 /* MyEventsView.swift */ = {isa = PBXFileReference; lastKnownFileType = sourcecode.swift; path = MyEventsView.swift; sourceTree = "<group>"; };
		46970CE62CD9954F0057E4D3 /* EventDetailView.swift */ = {isa = PBXFileReference; lastKnownFileType = sourcecode.swift; path = EventDetailView.swift; sourceTree = "<group>"; };
		46970CE82CD9956C0057E4D3 /* EventHeaderView.swift */ = {isa = PBXFileReference; lastKnownFileType = sourcecode.swift; path = EventHeaderView.swift; sourceTree = "<group>"; };
		46970CEA2CD995830057E4D3 /* MenuSectionView.swift */ = {isa = PBXFileReference; lastKnownFileType = sourcecode.swift; path = MenuSectionView.swift; sourceTree = "<group>"; };
		46970CEC2CD995990057E4D3 /* IngredientsSectionView.swift */ = {isa = PBXFileReference; lastKnownFileType = sourcecode.swift; path = IngredientsSectionView.swift; sourceTree = "<group>"; };
		46970CFB2CD9AC410057E4D3 /* AddIngredientsView.swift */ = {isa = PBXFileReference; lastKnownFileType = sourcecode.swift; path = AddIngredientsView.swift; sourceTree = "<group>"; };
		46970D002CD9BA7C0057E4D3 /* RecipeSearchViewModel.swift */ = {isa = PBXFileReference; lastKnownFileType = sourcecode.swift; path = RecipeSearchViewModel.swift; sourceTree = "<group>"; };
		46970D032CD9BC830057E4D3 /* RecipeSearchCard.swift */ = {isa = PBXFileReference; lastKnownFileType = sourcecode.swift; path = RecipeSearchCard.swift; sourceTree = "<group>"; };
		46970D052CD9BE160057E4D3 /* RecipeSearchView.swift */ = {isa = PBXFileReference; lastKnownFileType = sourcecode.swift; path = RecipeSearchView.swift; sourceTree = "<group>"; };
		760E6FA72CD337CA007FD962 /* EventViewModel.swift */ = {isa = PBXFileReference; lastKnownFileType = sourcecode.swift; path = EventViewModel.swift; sourceTree = "<group>"; };
		760E6FA92CD337DF007FD962 /* DateSelectionView.swift */ = {isa = PBXFileReference; lastKnownFileType = sourcecode.swift; path = DateSelectionView.swift; sourceTree = "<group>"; };
		760E6FAB2CD337F5007FD962 /* TimeSelectionView.swift */ = {isa = PBXFileReference; lastKnownFileType = sourcecode.swift; path = TimeSelectionView.swift; sourceTree = "<group>"; };
		760E6FAD2CD33807007FD962 /* InviteFriendsView.swift */ = {isa = PBXFileReference; lastKnownFileType = sourcecode.swift; path = InviteFriendsView.swift; sourceTree = "<group>"; };
		760E6FAF2CD33823007FD962 /* QRCodeView.swift */ = {isa = PBXFileReference; lastKnownFileType = sourcecode.swift; path = QRCodeView.swift; sourceTree = "<group>"; };
		765C49192CC203DF003A9D8C /* Team02.app */ = {isa = PBXFileReference; explicitFileType = wrapper.application; includeInIndex = 0; path = Team02.app; sourceTree = BUILT_PRODUCTS_DIR; };
		765C491C2CC203DF003A9D8C /* Team02App.swift */ = {isa = PBXFileReference; lastKnownFileType = sourcecode.swift; path = Team02App.swift; sourceTree = "<group>"; };
		765C491E2CC203DF003A9D8C /* ContentView.swift */ = {isa = PBXFileReference; lastKnownFileType = sourcecode.swift; path = ContentView.swift; sourceTree = "<group>"; };
		765C49202CC203E1003A9D8C /* Assets.xcassets */ = {isa = PBXFileReference; lastKnownFileType = folder.assetcatalog; path = Assets.xcassets; sourceTree = "<group>"; };
		765C49232CC203E1003A9D8C /* Preview Assets.xcassets */ = {isa = PBXFileReference; lastKnownFileType = folder.assetcatalog; path = "Preview Assets.xcassets"; sourceTree = "<group>"; };
		76771CE32CEF1C1900B26169 /* ProfileView.swift */ = {isa = PBXFileReference; lastKnownFileType = sourcecode.swift; path = ProfileView.swift; sourceTree = "<group>"; };
		76A419FE2CF5C01700967046 /* ProfileViewModel.swift */ = {isa = PBXFileReference; lastKnownFileType = sourcecode.swift; path = ProfileViewModel.swift; sourceTree = "<group>"; };
		76A41A002CF5C04200967046 /* LikedRecipesView.swift */ = {isa = PBXFileReference; lastKnownFileType = sourcecode.swift; path = LikedRecipesView.swift; sourceTree = "<group>"; };
		76A41A022CF5C66300967046 /* ProfileRecipeMenuCard.swift */ = {isa = PBXFileReference; lastKnownFileType = sourcecode.swift; path = ProfileRecipeMenuCard.swift; sourceTree = "<group>"; };
		76A6126B2CF45F870003B46D /* HomeRecipeSearchCard.swift */ = {isa = PBXFileReference; lastKnownFileType = sourcecode.swift; path = HomeRecipeSearchCard.swift; sourceTree = "<group>"; };
		76A6126D2CF462180003B46D /* HomeRecipeSearchView.swift */ = {isa = PBXFileReference; lastKnownFileType = sourcecode.swift; path = HomeRecipeSearchView.swift; sourceTree = "<group>"; };
		76C678992CDC71A90093A25C /* Team02Tests.xctest */ = {isa = PBXFileReference; explicitFileType = wrapper.cfbundle; includeInIndex = 0; path = Team02Tests.xctest; sourceTree = BUILT_PRODUCTS_DIR; };
		76C6789B2CDC71A90093A25C /* Team02Tests.swift */ = {isa = PBXFileReference; lastKnownFileType = sourcecode.swift; path = Team02Tests.swift; sourceTree = "<group>"; };
		76C678A22CDC71CB0093A25C /* UserTests.swift */ = {isa = PBXFileReference; lastKnownFileType = sourcecode.swift; path = UserTests.swift; sourceTree = "<group>"; };
		76C678A42CDC76A90093A25C /* EventTests.swift */ = {isa = PBXFileReference; lastKnownFileType = sourcecode.swift; path = EventTests.swift; sourceTree = "<group>"; };
		76C678A62CDC7ACE0093A25C /* TransactionTests.swift */ = {isa = PBXFileReference; lastKnownFileType = sourcecode.swift; path = TransactionTests.swift; sourceTree = "<group>"; };
		76D0CA3E2CDB184C00982FAA /* UserViewModel.swift */ = {isa = PBXFileReference; lastKnownFileType = sourcecode.swift; path = UserViewModel.swift; sourceTree = "<group>"; };
		76EBA4502CD07C14002C9836 /* User.swift */ = {isa = PBXFileReference; lastKnownFileType = sourcecode.swift; path = User.swift; sourceTree = "<group>"; };
		76EBA4522CD07CE8002C9836 /* Event.swift */ = {isa = PBXFileReference; lastKnownFileType = sourcecode.swift; path = Event.swift; sourceTree = "<group>"; };
		76EBA4542CD07D0C002C9836 /* MenuDatabase.swift */ = {isa = PBXFileReference; lastKnownFileType = sourcecode.swift; path = MenuDatabase.swift; sourceTree = "<group>"; };
		76EBA4562CD07D23002C9836 /* Transaction.swift */ = {isa = PBXFileReference; lastKnownFileType = sourcecode.swift; path = Transaction.swift; sourceTree = "<group>"; };
		76EBA4582CD07D45002C9836 /* Ingredient.swift */ = {isa = PBXFileReference; lastKnownFileType = sourcecode.swift; path = Ingredient.swift; sourceTree = "<group>"; };
		76EBA45A2CD07D5D002C9836 /* Recipe.swift */ = {isa = PBXFileReference; lastKnownFileType = sourcecode.swift; path = Recipe.swift; sourceTree = "<group>"; };
		76EBA45D2CD08B0B002C9836 /* HomePageViewModel.swift */ = {isa = PBXFileReference; lastKnownFileType = sourcecode.swift; path = HomePageViewModel.swift; sourceTree = "<group>"; };
		76EBA45F2CD08B36002C9836 /* HomeView.swift */ = {isa = PBXFileReference; lastKnownFileType = sourcecode.swift; path = HomeView.swift; sourceTree = "<group>"; };
		76EBA4632CD08B85002C9836 /* RecipeCard.swift */ = {isa = PBXFileReference; lastKnownFileType = sourcecode.swift; path = RecipeCard.swift; sourceTree = "<group>"; };
		76EBA4652CD08D7C002C9836 /* EventCard.swift */ = {isa = PBXFileReference; lastKnownFileType = sourcecode.swift; path = EventCard.swift; sourceTree = "<group>"; };
		76EBA4672CD08D98002C9836 /* CategoryIcon.swift */ = {isa = PBXFileReference; lastKnownFileType = sourcecode.swift; path = CategoryIcon.swift; sourceTree = "<group>"; };
		76EBA4692CD08DF2002C9836 /* EventRow.swift */ = {isa = PBXFileReference; lastKnownFileType = sourcecode.swift; path = EventRow.swift; sourceTree = "<group>"; };
		76EBA46C2CD08FA3002C9836 /* profile_pic.jpeg */ = {isa = PBXFileReference; lastKnownFileType = image.jpeg; path = profile_pic.jpeg; sourceTree = "<group>"; };
		76FAC5442CD75AFD00FE1DA7 /* AppDelegate.swift */ = {isa = PBXFileReference; lastKnownFileType = sourcecode.swift; path = AppDelegate.swift; sourceTree = "<group>"; };
		76FAC54C2CD776BE00FE1DA7 /* GoogleService-Info.plist */ = {isa = PBXFileReference; fileEncoding = 4; lastKnownFileType = text.plist.xml; path = "GoogleService-Info.plist"; sourceTree = "<group>"; };
		76FD3BA12CDC7D3B002FDF77 /* IngredientTests.swift */ = {isa = PBXFileReference; lastKnownFileType = sourcecode.swift; path = IngredientTests.swift; sourceTree = "<group>"; };
		76FD3BA32CDC7E94002FDF77 /* RecipeTests.swift */ = {isa = PBXFileReference; lastKnownFileType = sourcecode.swift; path = RecipeTests.swift; sourceTree = "<group>"; };
/* End PBXFileReference section */

/* Begin PBXFrameworksBuildPhase section */
		765C49162CC203DF003A9D8C /* Frameworks */ = {
			isa = PBXFrameworksBuildPhase;
			buildActionMask = 2147483647;
			files = (
				76FAC5412CD7479C00FE1DA7 /* FirebaseCore in Frameworks */,
				76FAC53F2CD7479C00FE1DA7 /* FirebaseAuth in Frameworks */,
				76FAC5472CD75CA900FE1DA7 /* FirebaseDatabase in Frameworks */,
				76FAC5432CD7479C00FE1DA7 /* FirebaseFirestore in Frameworks */,
			);
			runOnlyForDeploymentPostprocessing = 0;
		};
		76C678962CDC71A90093A25C /* Frameworks */ = {
			isa = PBXFrameworksBuildPhase;
			buildActionMask = 2147483647;
			files = (
			);
			runOnlyForDeploymentPostprocessing = 0;
		};
/* End PBXFrameworksBuildPhase section */

/* Begin PBXGroup section */
		46970CE22CD97C0D0057E4D3 /* MyEvents */ = {
			isa = PBXGroup;
			children = (
				46970CE32CD97C2C0057E4D3 /* MyEventsView.swift */,
			);
			path = MyEvents;
			sourceTree = "<group>";
		};
		46970CE52CD9953C0057E4D3 /* EventDetails */ = {
			isa = PBXGroup;
			children = (
				46970CEC2CD995990057E4D3 /* IngredientsSectionView.swift */,
				46970CE82CD9956C0057E4D3 /* EventHeaderView.swift */,
				46970CEA2CD995830057E4D3 /* MenuSectionView.swift */,
				46110AD62CDE0E1200FBBC50 /* RecipeMenuCard.swift */,
				46970CE62CD9954F0057E4D3 /* EventDetailView.swift */,
			);
			path = EventDetails;
			sourceTree = "<group>";
		};
		46970CF02CD9A6E10057E4D3 /* AddIngredients */ = {
			isa = PBXGroup;
			children = (
				46970CFB2CD9AC410057E4D3 /* AddIngredientsView.swift */,
			);
			path = AddIngredients;
			sourceTree = "<group>";
		};
		46970D022CD9BC490057E4D3 /* RecipeSearch */ = {
			isa = PBXGroup;
			children = (
				46970D032CD9BC830057E4D3 /* RecipeSearchCard.swift */,
				46970D052CD9BE160057E4D3 /* RecipeSearchView.swift */,
			);
			path = RecipeSearch;
			sourceTree = "<group>";
		};
		760E6FA52CD33763007FD962 /* Home */ = {
			isa = PBXGroup;
			children = (
				76EBA4692CD08DF2002C9836 /* EventRow.swift */,
				76EBA4652CD08D7C002C9836 /* EventCard.swift */,
				76EBA4672CD08D98002C9836 /* CategoryIcon.swift */,
				76EBA4632CD08B85002C9836 /* RecipeCard.swift */,
				2EBE66042CDDA93A001BC111 /* RecipeDetailView.swift */,
				76EBA45F2CD08B36002C9836 /* HomeView.swift */,
				76A6126B2CF45F870003B46D /* HomeRecipeSearchCard.swift */,
				76A6126D2CF462180003B46D /* HomeRecipeSearchView.swift */,
			);
			path = Home;
			sourceTree = "<group>";
		};
		760E6FA62CD33771007FD962 /* CreateEvent */ = {
			isa = PBXGroup;
			children = (
				760E6FA92CD337DF007FD962 /* DateSelectionView.swift */,
				760E6FAB2CD337F5007FD962 /* TimeSelectionView.swift */,
				760E6FAD2CD33807007FD962 /* InviteFriendsView.swift */,
				760E6FAF2CD33823007FD962 /* QRCodeView.swift */,
			);
			path = CreateEvent;
			sourceTree = "<group>";
		};
		765C49102CC203DF003A9D8C = {
			isa = PBXGroup;
			children = (
				765C491B2CC203DF003A9D8C /* Team02 */,
				76C6789A2CDC71A90093A25C /* Team02Tests */,
				765C491A2CC203DF003A9D8C /* Products */,
			);
			sourceTree = "<group>";
		};
		765C491A2CC203DF003A9D8C /* Products */ = {
			isa = PBXGroup;
			children = (
				765C49192CC203DF003A9D8C /* Team02.app */,
				76C678992CDC71A90093A25C /* Team02Tests.xctest */,
			);
			name = Products;
			sourceTree = "<group>";
		};
		765C491B2CC203DF003A9D8C /* Team02 */ = {
			isa = PBXGroup;
			children = (
				76FAC54C2CD776BE00FE1DA7 /* GoogleService-Info.plist */,
				76EBA45C2CD08AFB002C9836 /* ViewModel */,
				76EBA44F2CD07BA2002C9836 /* Views */,
				76EBA44E2CD07B9B002C9836 /* Models */,
				765C491C2CC203DF003A9D8C /* Team02App.swift */,
				765C49202CC203E1003A9D8C /* Assets.xcassets */,
				76EBA46C2CD08FA3002C9836 /* profile_pic.jpeg */,
				2E46EB372CDDF74600447382 /* frenchtoast.jpeg */,
				2E46EB382CDDF74600447382 /* maccheese.png */,
				2E78C8742CDDF48D0099231D /* sausage.png */,
				2E78C8722CDDF46A0099231D /* grilledcheese.png */,
				765C49222CC203E1003A9D8C /* Preview Content */,
				76FAC5442CD75AFD00FE1DA7 /* AppDelegate.swift */,
			);
			path = Team02;
			sourceTree = "<group>";
		};
		765C49222CC203E1003A9D8C /* Preview Content */ = {
			isa = PBXGroup;
			children = (
				765C49232CC203E1003A9D8C /* Preview Assets.xcassets */,
			);
			path = "Preview Content";
			sourceTree = "<group>";
		};
		76771CE22CEF1C0900B26169 /* Profile */ = {
			isa = PBXGroup;
			children = (
				76771CE32CEF1C1900B26169 /* ProfileView.swift */,
				76A41A002CF5C04200967046 /* LikedRecipesView.swift */,
				76A41A022CF5C66300967046 /* ProfileRecipeMenuCard.swift */,
			);
			path = Profile;
			sourceTree = "<group>";
		};
		76C6789A2CDC71A90093A25C /* Team02Tests */ = {
			isa = PBXGroup;
			children = (
				76C678A42CDC76A90093A25C /* EventTests.swift */,
				76FD3BA32CDC7E94002FDF77 /* RecipeTests.swift */,
				76C678A62CDC7ACE0093A25C /* TransactionTests.swift */,
				76FD3BA12CDC7D3B002FDF77 /* IngredientTests.swift */,
				76C678A22CDC71CB0093A25C /* UserTests.swift */,
				76C6789B2CDC71A90093A25C /* Team02Tests.swift */,
			);
			path = Team02Tests;
			sourceTree = "<group>";
		};
		76EBA44E2CD07B9B002C9836 /* Models */ = {
			isa = PBXGroup;
			children = (
				76EBA4502CD07C14002C9836 /* User.swift */,
				76EBA4522CD07CE8002C9836 /* Event.swift */,
				76EBA4542CD07D0C002C9836 /* MenuDatabase.swift */,
				76EBA4562CD07D23002C9836 /* Transaction.swift */,
				76EBA4582CD07D45002C9836 /* Ingredient.swift */,
				76EBA45A2CD07D5D002C9836 /* Recipe.swift */,
			);
			path = Models;
			sourceTree = "<group>";
		};
		76EBA44F2CD07BA2002C9836 /* Views */ = {
			isa = PBXGroup;
			children = (
				76771CE22CEF1C0900B26169 /* Profile */,
				46970D022CD9BC490057E4D3 /* RecipeSearch */,
				46970CE52CD9953C0057E4D3 /* EventDetails */,
				46970CF02CD9A6E10057E4D3 /* AddIngredients */,
				46970CE22CD97C0D0057E4D3 /* MyEvents */,
				760E6FA62CD33771007FD962 /* CreateEvent */,
				760E6FA52CD33763007FD962 /* Home */,
				765C491E2CC203DF003A9D8C /* ContentView.swift */,
			);
			path = Views;
			sourceTree = "<group>";
		};
		76EBA45C2CD08AFB002C9836 /* ViewModel */ = {
			isa = PBXGroup;
			children = (
				76EBA45D2CD08B0B002C9836 /* HomePageViewModel.swift */,
				760E6FA72CD337CA007FD962 /* EventViewModel.swift */,
				46110AD42CDDFD2800FBBC50 /* EventDetailViewModel.swift */,
				46110AD22CDDB5CA00FBBC50 /* EventsViewModel.swift */,
				76D0CA3E2CDB184C00982FAA /* UserViewModel.swift */,
				46110AD82CDE235F00FBBC50 /* AddIngredientsViewModel.swift */,
				46970D002CD9BA7C0057E4D3 /* RecipeSearchViewModel.swift */,
				76A419FE2CF5C01700967046 /* ProfileViewModel.swift */,
			);
			path = ViewModel;
			sourceTree = "<group>";
		};
/* End PBXGroup section */

/* Begin PBXNativeTarget section */
		765C49182CC203DF003A9D8C /* Team02 */ = {
			isa = PBXNativeTarget;
			buildConfigurationList = 765C49272CC203E1003A9D8C /* Build configuration list for PBXNativeTarget "Team02" */;
			buildPhases = (
				765C49152CC203DF003A9D8C /* Sources */,
				765C49162CC203DF003A9D8C /* Frameworks */,
				765C49172CC203DF003A9D8C /* Resources */,
			);
			buildRules = (
			);
			dependencies = (
			);
			name = Team02;
			packageProductDependencies = (
				76FAC53E2CD7479C00FE1DA7 /* FirebaseAuth */,
				76FAC5402CD7479C00FE1DA7 /* FirebaseCore */,
				76FAC5422CD7479C00FE1DA7 /* FirebaseFirestore */,
				76FAC5462CD75CA900FE1DA7 /* FirebaseDatabase */,
			);
			productName = Team02;
			productReference = 765C49192CC203DF003A9D8C /* Team02.app */;
			productType = "com.apple.product-type.application";
		};
		76C678982CDC71A90093A25C /* Team02Tests */ = {
			isa = PBXNativeTarget;
			buildConfigurationList = 76C678A12CDC71A90093A25C /* Build configuration list for PBXNativeTarget "Team02Tests" */;
			buildPhases = (
				76C678952CDC71A90093A25C /* Sources */,
				76C678962CDC71A90093A25C /* Frameworks */,
				76C678972CDC71A90093A25C /* Resources */,
			);
			buildRules = (
			);
			dependencies = (
				76C6789E2CDC71A90093A25C /* PBXTargetDependency */,
			);
			name = Team02Tests;
			productName = Team02Tests;
			productReference = 76C678992CDC71A90093A25C /* Team02Tests.xctest */;
			productType = "com.apple.product-type.bundle.unit-test";
		};
/* End PBXNativeTarget section */

/* Begin PBXProject section */
		765C49112CC203DF003A9D8C /* Project object */ = {
			isa = PBXProject;
			attributes = {
				BuildIndependentTargetsInParallel = 1;
				LastSwiftUpdateCheck = 1540;
				LastUpgradeCheck = 1540;
				TargetAttributes = {
					765C49182CC203DF003A9D8C = {
						CreatedOnToolsVersion = 15.4;
					};
					76C678982CDC71A90093A25C = {
						CreatedOnToolsVersion = 15.4;
						TestTargetID = 765C49182CC203DF003A9D8C;
					};
				};
			};
			buildConfigurationList = 765C49142CC203DF003A9D8C /* Build configuration list for PBXProject "Team02" */;
			compatibilityVersion = "Xcode 14.0";
			developmentRegion = en;
			hasScannedForEncodings = 0;
			knownRegions = (
				en,
				Base,
			);
			mainGroup = 765C49102CC203DF003A9D8C;
			packageReferences = (
				76FAC53D2CD7475900FE1DA7 /* XCRemoteSwiftPackageReference "firebase-ios-sdk" */,
			);
			productRefGroup = 765C491A2CC203DF003A9D8C /* Products */;
			projectDirPath = "";
			projectRoot = "";
			targets = (
				765C49182CC203DF003A9D8C /* Team02 */,
				76C678982CDC71A90093A25C /* Team02Tests */,
			);
		};
/* End PBXProject section */

/* Begin PBXResourcesBuildPhase section */
		765C49172CC203DF003A9D8C /* Resources */ = {
			isa = PBXResourcesBuildPhase;
			buildActionMask = 2147483647;
			files = (
				76EBA46D2CD08FA3002C9836 /* profile_pic.jpeg in Resources */,
				2E78C8752CDDF48D0099231D /* sausage.png in Resources */,
				76FAC54D2CD776BE00FE1DA7 /* GoogleService-Info.plist in Resources */,
				2E78C8732CDDF46A0099231D /* grilledcheese.png in Resources */,
				765C49242CC203E1003A9D8C /* Preview Assets.xcassets in Resources */,
				765C49212CC203E1003A9D8C /* Assets.xcassets in Resources */,
				2E46EB392CDDF74600447382 /* frenchtoast.jpeg in Resources */,
				2E46EB3A2CDDF74600447382 /* maccheese.png in Resources */,
			);
			runOnlyForDeploymentPostprocessing = 0;
		};
		76C678972CDC71A90093A25C /* Resources */ = {
			isa = PBXResourcesBuildPhase;
			buildActionMask = 2147483647;
			files = (
			);
			runOnlyForDeploymentPostprocessing = 0;
		};
/* End PBXResourcesBuildPhase section */

/* Begin PBXSourcesBuildPhase section */
		765C49152CC203DF003A9D8C /* Sources */ = {
			isa = PBXSourcesBuildPhase;
			buildActionMask = 2147483647;
			files = (
				76EBA4682CD08D98002C9836 /* CategoryIcon.swift in Sources */,
				76D0CA3F2CDB184C00982FAA /* UserViewModel.swift in Sources */,
				46970CEB2CD995830057E4D3 /* MenuSectionView.swift in Sources */,
				46110AD92CDE235F00FBBC50 /* AddIngredientsViewModel.swift in Sources */,
				760E6FAA2CD337DF007FD962 /* DateSelectionView.swift in Sources */,
				46970CFC2CD9AC410057E4D3 /* AddIngredientsView.swift in Sources */,
				76EBA4572CD07D23002C9836 /* Transaction.swift in Sources */,
				46110AD32CDDB5CA00FBBC50 /* EventsViewModel.swift in Sources */,
				76EBA4512CD07C14002C9836 /* User.swift in Sources */,
				46970CFF2CD9AE590057E4D3 /* MyEventsView.swift in Sources */,
				76EBA45E2CD08B0B002C9836 /* HomePageViewModel.swift in Sources */,
				760E6FAC2CD337F5007FD962 /* TimeSelectionView.swift in Sources */,
				76EBA4602CD08B36002C9836 /* HomeView.swift in Sources */,
				76EBA4552CD07D0C002C9836 /* MenuDatabase.swift in Sources */,
				76FAC5452CD75AFD00FE1DA7 /* AppDelegate.swift in Sources */,
				46970D042CD9BC830057E4D3 /* RecipeSearchCard.swift in Sources */,
				76A41A032CF5C66300967046 /* ProfileRecipeMenuCard.swift in Sources */,
				76A41A012CF5C04200967046 /* LikedRecipesView.swift in Sources */,
				76EBA4642CD08B85002C9836 /* RecipeCard.swift in Sources */,
				760E6FB02CD33823007FD962 /* QRCodeView.swift in Sources */,
				46970CED2CD995990057E4D3 /* IngredientsSectionView.swift in Sources */,
				765C491F2CC203DF003A9D8C /* ContentView.swift in Sources */,
				76EBA4592CD07D45002C9836 /* Ingredient.swift in Sources */,
				46110AD72CDE0E1200FBBC50 /* RecipeMenuCard.swift in Sources */,
				760E6FAE2CD33807007FD962 /* InviteFriendsView.swift in Sources */,
				76EBA45B2CD07D5D002C9836 /* Recipe.swift in Sources */,
				46110AD52CDDFD2800FBBC50 /* EventDetailViewModel.swift in Sources */,
				765C491D2CC203DF003A9D8C /* Team02App.swift in Sources */,
				76EBA46A2CD08DF2002C9836 /* EventRow.swift in Sources */,
				46970D012CD9BA7C0057E4D3 /* RecipeSearchViewModel.swift in Sources */,
				76771CE42CEF1C1900B26169 /* ProfileView.swift in Sources */,
				76A6126C2CF45F870003B46D /* HomeRecipeSearchCard.swift in Sources */,
				76EBA4532CD07CE8002C9836 /* Event.swift in Sources */,
				760E6FA82CD337CA007FD962 /* EventViewModel.swift in Sources */,
				76EBA4662CD08D7C002C9836 /* EventCard.swift in Sources */,
				46970CE92CD9956C0057E4D3 /* EventHeaderView.swift in Sources */,
				46970D062CD9BE160057E4D3 /* RecipeSearchView.swift in Sources */,
				76A6126E2CF462180003B46D /* HomeRecipeSearchView.swift in Sources */,
				76A419FF2CF5C01700967046 /* ProfileViewModel.swift in Sources */,
				2EBE66052CDDA93F001BC111 /* RecipeDetailView.swift in Sources */,
				46970CE72CD9954F0057E4D3 /* EventDetailView.swift in Sources */,
			);
			runOnlyForDeploymentPostprocessing = 0;
		};
		76C678952CDC71A90093A25C /* Sources */ = {
			isa = PBXSourcesBuildPhase;
			buildActionMask = 2147483647;
			files = (
				76FD3BA22CDC7D3B002FDF77 /* IngredientTests.swift in Sources */,
				76C678A32CDC71CB0093A25C /* UserTests.swift in Sources */,
				76C678A52CDC76A90093A25C /* EventTests.swift in Sources */,
				76FD3BA42CDC7E94002FDF77 /* RecipeTests.swift in Sources */,
				76C678A72CDC7ACE0093A25C /* TransactionTests.swift in Sources */,
				76C6789C2CDC71A90093A25C /* Team02Tests.swift in Sources */,
			);
			runOnlyForDeploymentPostprocessing = 0;
		};
/* End PBXSourcesBuildPhase section */

/* Begin PBXTargetDependency section */
		76C6789E2CDC71A90093A25C /* PBXTargetDependency */ = {
			isa = PBXTargetDependency;
			target = 765C49182CC203DF003A9D8C /* Team02 */;
			targetProxy = 76C6789D2CDC71A90093A25C /* PBXContainerItemProxy */;
		};
/* End PBXTargetDependency section */

/* Begin XCBuildConfiguration section */
		765C49252CC203E1003A9D8C /* Debug */ = {
			isa = XCBuildConfiguration;
			buildSettings = {
				ALWAYS_SEARCH_USER_PATHS = NO;
				ASSETCATALOG_COMPILER_GENERATE_SWIFT_ASSET_SYMBOL_EXTENSIONS = YES;
				CLANG_ANALYZER_NONNULL = YES;
				CLANG_ANALYZER_NUMBER_OBJECT_CONVERSION = YES_AGGRESSIVE;
				CLANG_CXX_LANGUAGE_STANDARD = "gnu++20";
				CLANG_ENABLE_MODULES = YES;
				CLANG_ENABLE_OBJC_ARC = YES;
				CLANG_ENABLE_OBJC_WEAK = YES;
				CLANG_WARN_BLOCK_CAPTURE_AUTORELEASING = YES;
				CLANG_WARN_BOOL_CONVERSION = YES;
				CLANG_WARN_COMMA = YES;
				CLANG_WARN_CONSTANT_CONVERSION = YES;
				CLANG_WARN_DEPRECATED_OBJC_IMPLEMENTATIONS = YES;
				CLANG_WARN_DIRECT_OBJC_ISA_USAGE = YES_ERROR;
				CLANG_WARN_DOCUMENTATION_COMMENTS = YES;
				CLANG_WARN_EMPTY_BODY = YES;
				CLANG_WARN_ENUM_CONVERSION = YES;
				CLANG_WARN_INFINITE_RECURSION = YES;
				CLANG_WARN_INT_CONVERSION = YES;
				CLANG_WARN_NON_LITERAL_NULL_CONVERSION = YES;
				CLANG_WARN_OBJC_IMPLICIT_RETAIN_SELF = YES;
				CLANG_WARN_OBJC_LITERAL_CONVERSION = YES;
				CLANG_WARN_OBJC_ROOT_CLASS = YES_ERROR;
				CLANG_WARN_QUOTED_INCLUDE_IN_FRAMEWORK_HEADER = YES;
				CLANG_WARN_RANGE_LOOP_ANALYSIS = YES;
				CLANG_WARN_STRICT_PROTOTYPES = YES;
				CLANG_WARN_SUSPICIOUS_MOVE = YES;
				CLANG_WARN_UNGUARDED_AVAILABILITY = YES_AGGRESSIVE;
				CLANG_WARN_UNREACHABLE_CODE = YES;
				CLANG_WARN__DUPLICATE_METHOD_MATCH = YES;
				COPY_PHASE_STRIP = NO;
				DEBUG_INFORMATION_FORMAT = dwarf;
				ENABLE_STRICT_OBJC_MSGSEND = YES;
				ENABLE_TESTABILITY = YES;
				ENABLE_USER_SCRIPT_SANDBOXING = YES;
				GCC_C_LANGUAGE_STANDARD = gnu17;
				GCC_DYNAMIC_NO_PIC = NO;
				GCC_NO_COMMON_BLOCKS = YES;
				GCC_OPTIMIZATION_LEVEL = 0;
				GCC_PREPROCESSOR_DEFINITIONS = (
					"DEBUG=1",
					"$(inherited)",
				);
				GCC_WARN_64_TO_32_BIT_CONVERSION = YES;
				GCC_WARN_ABOUT_RETURN_TYPE = YES_ERROR;
				GCC_WARN_UNDECLARED_SELECTOR = YES;
				GCC_WARN_UNINITIALIZED_AUTOS = YES_AGGRESSIVE;
				GCC_WARN_UNUSED_FUNCTION = YES;
				GCC_WARN_UNUSED_VARIABLE = YES;
				IPHONEOS_DEPLOYMENT_TARGET = 17.5;
				LOCALIZATION_PREFERS_STRING_CATALOGS = YES;
				MTL_ENABLE_DEBUG_INFO = INCLUDE_SOURCE;
				MTL_FAST_MATH = YES;
				ONLY_ACTIVE_ARCH = YES;
				SDKROOT = iphoneos;
				SWIFT_ACTIVE_COMPILATION_CONDITIONS = "DEBUG $(inherited)";
				SWIFT_OPTIMIZATION_LEVEL = "-Onone";
			};
			name = Debug;
		};
		765C49262CC203E1003A9D8C /* Release */ = {
			isa = XCBuildConfiguration;
			buildSettings = {
				ALWAYS_SEARCH_USER_PATHS = NO;
				ASSETCATALOG_COMPILER_GENERATE_SWIFT_ASSET_SYMBOL_EXTENSIONS = YES;
				CLANG_ANALYZER_NONNULL = YES;
				CLANG_ANALYZER_NUMBER_OBJECT_CONVERSION = YES_AGGRESSIVE;
				CLANG_CXX_LANGUAGE_STANDARD = "gnu++20";
				CLANG_ENABLE_MODULES = YES;
				CLANG_ENABLE_OBJC_ARC = YES;
				CLANG_ENABLE_OBJC_WEAK = YES;
				CLANG_WARN_BLOCK_CAPTURE_AUTORELEASING = YES;
				CLANG_WARN_BOOL_CONVERSION = YES;
				CLANG_WARN_COMMA = YES;
				CLANG_WARN_CONSTANT_CONVERSION = YES;
				CLANG_WARN_DEPRECATED_OBJC_IMPLEMENTATIONS = YES;
				CLANG_WARN_DIRECT_OBJC_ISA_USAGE = YES_ERROR;
				CLANG_WARN_DOCUMENTATION_COMMENTS = YES;
				CLANG_WARN_EMPTY_BODY = YES;
				CLANG_WARN_ENUM_CONVERSION = YES;
				CLANG_WARN_INFINITE_RECURSION = YES;
				CLANG_WARN_INT_CONVERSION = YES;
				CLANG_WARN_NON_LITERAL_NULL_CONVERSION = YES;
				CLANG_WARN_OBJC_IMPLICIT_RETAIN_SELF = YES;
				CLANG_WARN_OBJC_LITERAL_CONVERSION = YES;
				CLANG_WARN_OBJC_ROOT_CLASS = YES_ERROR;
				CLANG_WARN_QUOTED_INCLUDE_IN_FRAMEWORK_HEADER = YES;
				CLANG_WARN_RANGE_LOOP_ANALYSIS = YES;
				CLANG_WARN_STRICT_PROTOTYPES = YES;
				CLANG_WARN_SUSPICIOUS_MOVE = YES;
				CLANG_WARN_UNGUARDED_AVAILABILITY = YES_AGGRESSIVE;
				CLANG_WARN_UNREACHABLE_CODE = YES;
				CLANG_WARN__DUPLICATE_METHOD_MATCH = YES;
				COPY_PHASE_STRIP = NO;
				DEBUG_INFORMATION_FORMAT = "dwarf-with-dsym";
				ENABLE_NS_ASSERTIONS = NO;
				ENABLE_STRICT_OBJC_MSGSEND = YES;
				ENABLE_USER_SCRIPT_SANDBOXING = YES;
				GCC_C_LANGUAGE_STANDARD = gnu17;
				GCC_NO_COMMON_BLOCKS = YES;
				GCC_WARN_64_TO_32_BIT_CONVERSION = YES;
				GCC_WARN_ABOUT_RETURN_TYPE = YES_ERROR;
				GCC_WARN_UNDECLARED_SELECTOR = YES;
				GCC_WARN_UNINITIALIZED_AUTOS = YES_AGGRESSIVE;
				GCC_WARN_UNUSED_FUNCTION = YES;
				GCC_WARN_UNUSED_VARIABLE = YES;
				IPHONEOS_DEPLOYMENT_TARGET = 17.5;
				LOCALIZATION_PREFERS_STRING_CATALOGS = YES;
				MTL_ENABLE_DEBUG_INFO = NO;
				MTL_FAST_MATH = YES;
				SDKROOT = iphoneos;
				SWIFT_COMPILATION_MODE = wholemodule;
				VALIDATE_PRODUCT = YES;
			};
			name = Release;
		};
		765C49282CC203E1003A9D8C /* Debug */ = {
			isa = XCBuildConfiguration;
			buildSettings = {
				ASSETCATALOG_COMPILER_APPICON_NAME = AppIcon;
				ASSETCATALOG_COMPILER_GLOBAL_ACCENT_COLOR_NAME = AccentColor;
				CODE_SIGN_STYLE = Automatic;
				CURRENT_PROJECT_VERSION = 1;
				DEVELOPMENT_ASSET_PATHS = "\"Team02/Preview Content\"";
				DEVELOPMENT_TEAM = PXC7N5QS4B;
				ENABLE_PREVIEWS = YES;
				GENERATE_INFOPLIST_FILE = YES;
				INFOPLIST_KEY_UIApplicationSceneManifest_Generation = YES;
				INFOPLIST_KEY_UIApplicationSupportsIndirectInputEvents = YES;
				INFOPLIST_KEY_UILaunchScreen_Generation = YES;
				INFOPLIST_KEY_UISupportedInterfaceOrientations_iPad = "UIInterfaceOrientationPortrait UIInterfaceOrientationPortraitUpsideDown UIInterfaceOrientationLandscapeLeft UIInterfaceOrientationLandscapeRight";
				INFOPLIST_KEY_UISupportedInterfaceOrientations_iPhone = "UIInterfaceOrientationPortrait UIInterfaceOrientationLandscapeLeft UIInterfaceOrientationLandscapeRight";
				LD_RUNPATH_SEARCH_PATHS = (
					"$(inherited)",
					"@executable_path/Frameworks",
				);
				MARKETING_VERSION = 1.0;
				PRODUCT_BUNDLE_IDENTIFIER = cmuis.Team02;
				PRODUCT_NAME = "$(TARGET_NAME)";
				SWIFT_EMIT_LOC_STRINGS = YES;
				SWIFT_VERSION = 5.0;
				TARGETED_DEVICE_FAMILY = "1,2";
			};
			name = Debug;
		};
		765C49292CC203E1003A9D8C /* Release */ = {
			isa = XCBuildConfiguration;
			buildSettings = {
				ASSETCATALOG_COMPILER_APPICON_NAME = AppIcon;
				ASSETCATALOG_COMPILER_GLOBAL_ACCENT_COLOR_NAME = AccentColor;
				CODE_SIGN_STYLE = Automatic;
				CURRENT_PROJECT_VERSION = 1;
				DEVELOPMENT_ASSET_PATHS = "\"Team02/Preview Content\"";
				DEVELOPMENT_TEAM = 4L77PSLYU4;
				ENABLE_PREVIEWS = YES;
				GENERATE_INFOPLIST_FILE = YES;
				INFOPLIST_KEY_UIApplicationSceneManifest_Generation = YES;
				INFOPLIST_KEY_UIApplicationSupportsIndirectInputEvents = YES;
				INFOPLIST_KEY_UILaunchScreen_Generation = YES;
				INFOPLIST_KEY_UISupportedInterfaceOrientations_iPad = "UIInterfaceOrientationPortrait UIInterfaceOrientationPortraitUpsideDown UIInterfaceOrientationLandscapeLeft UIInterfaceOrientationLandscapeRight";
				INFOPLIST_KEY_UISupportedInterfaceOrientations_iPhone = "UIInterfaceOrientationPortrait UIInterfaceOrientationLandscapeLeft UIInterfaceOrientationLandscapeRight";
				LD_RUNPATH_SEARCH_PATHS = (
					"$(inherited)",
					"@executable_path/Frameworks",
				);
				MARKETING_VERSION = 1.0;
				PRODUCT_BUNDLE_IDENTIFIER = "cmuis.Team02-xinyi";
				PRODUCT_NAME = "$(TARGET_NAME)";
				SWIFT_EMIT_LOC_STRINGS = YES;
				SWIFT_VERSION = 5.0;
				TARGETED_DEVICE_FAMILY = "1,2";
			};
			name = Release;
		};
		76C6789F2CDC71A90093A25C /* Debug */ = {
			isa = XCBuildConfiguration;
			buildSettings = {
				BUNDLE_LOADER = "$(TEST_HOST)";
				CODE_SIGN_STYLE = Automatic;
				CURRENT_PROJECT_VERSION = 1;
				DEVELOPMENT_TEAM = PXC7N5QS4B;
				GENERATE_INFOPLIST_FILE = YES;
				IPHONEOS_DEPLOYMENT_TARGET = 17.5;
				MACOSX_DEPLOYMENT_TARGET = 14.4;
				MARKETING_VERSION = 1.0;
				PRODUCT_BUNDLE_IDENTIFIER = cmuis.Team02Tests;
				PRODUCT_NAME = "$(TARGET_NAME)";
				SDKROOT = auto;
				SUPPORTED_PLATFORMS = "iphoneos iphonesimulator macosx";
				SWIFT_EMIT_LOC_STRINGS = NO;
				SWIFT_VERSION = 5.0;
				TARGETED_DEVICE_FAMILY = "1,2";
				TEST_HOST = "$(BUILT_PRODUCTS_DIR)/Team02.app/$(BUNDLE_EXECUTABLE_FOLDER_PATH)/Team02";
			};
			name = Debug;
		};
		76C678A02CDC71A90093A25C /* Release */ = {
			isa = XCBuildConfiguration;
			buildSettings = {
				BUNDLE_LOADER = "$(TEST_HOST)";
				CODE_SIGN_STYLE = Automatic;
				CURRENT_PROJECT_VERSION = 1;
				DEVELOPMENT_TEAM = PXC7N5QS4B;
				GENERATE_INFOPLIST_FILE = YES;
				IPHONEOS_DEPLOYMENT_TARGET = 17.5;
				MACOSX_DEPLOYMENT_TARGET = 14.4;
				MARKETING_VERSION = 1.0;
				PRODUCT_BUNDLE_IDENTIFIER = cmuis.Team02Tests;
				PRODUCT_NAME = "$(TARGET_NAME)";
				SDKROOT = auto;
				SUPPORTED_PLATFORMS = "iphoneos iphonesimulator macosx";
				SWIFT_EMIT_LOC_STRINGS = NO;
				SWIFT_VERSION = 5.0;
				TARGETED_DEVICE_FAMILY = "1,2";
				TEST_HOST = "$(BUILT_PRODUCTS_DIR)/Team02.app/$(BUNDLE_EXECUTABLE_FOLDER_PATH)/Team02";
			};
			name = Release;
		};
/* End XCBuildConfiguration section */

/* Begin XCConfigurationList section */
		765C49142CC203DF003A9D8C /* Build configuration list for PBXProject "Team02" */ = {
			isa = XCConfigurationList;
			buildConfigurations = (
				765C49252CC203E1003A9D8C /* Debug */,
				765C49262CC203E1003A9D8C /* Release */,
			);
			defaultConfigurationIsVisible = 0;
			defaultConfigurationName = Release;
		};
		765C49272CC203E1003A9D8C /* Build configuration list for PBXNativeTarget "Team02" */ = {
			isa = XCConfigurationList;
			buildConfigurations = (
				765C49282CC203E1003A9D8C /* Debug */,
				765C49292CC203E1003A9D8C /* Release */,
			);
			defaultConfigurationIsVisible = 0;
			defaultConfigurationName = Release;
		};
		76C678A12CDC71A90093A25C /* Build configuration list for PBXNativeTarget "Team02Tests" */ = {
			isa = XCConfigurationList;
			buildConfigurations = (
				76C6789F2CDC71A90093A25C /* Debug */,
				76C678A02CDC71A90093A25C /* Release */,
			);
			defaultConfigurationIsVisible = 0;
			defaultConfigurationName = Release;
		};
/* End XCConfigurationList section */

/* Begin XCRemoteSwiftPackageReference section */
		76FAC53D2CD7475900FE1DA7 /* XCRemoteSwiftPackageReference "firebase-ios-sdk" */ = {
			isa = XCRemoteSwiftPackageReference;
			repositoryURL = "https://github.com/firebase/firebase-ios-sdk";
			requirement = {
				kind = upToNextMajorVersion;
				minimumVersion = 11.4.0;
			};
		};
/* End XCRemoteSwiftPackageReference section */

/* Begin XCSwiftPackageProductDependency section */
		76FAC53E2CD7479C00FE1DA7 /* FirebaseAuth */ = {
			isa = XCSwiftPackageProductDependency;
			package = 76FAC53D2CD7475900FE1DA7 /* XCRemoteSwiftPackageReference "firebase-ios-sdk" */;
			productName = FirebaseAuth;
		};
		76FAC5402CD7479C00FE1DA7 /* FirebaseCore */ = {
			isa = XCSwiftPackageProductDependency;
			package = 76FAC53D2CD7475900FE1DA7 /* XCRemoteSwiftPackageReference "firebase-ios-sdk" */;
			productName = FirebaseCore;
		};
		76FAC5422CD7479C00FE1DA7 /* FirebaseFirestore */ = {
			isa = XCSwiftPackageProductDependency;
			package = 76FAC53D2CD7475900FE1DA7 /* XCRemoteSwiftPackageReference "firebase-ios-sdk" */;
			productName = FirebaseFirestore;
		};
		76FAC5462CD75CA900FE1DA7 /* FirebaseDatabase */ = {
			isa = XCSwiftPackageProductDependency;
			package = 76FAC53D2CD7475900FE1DA7 /* XCRemoteSwiftPackageReference "firebase-ios-sdk" */;
			productName = FirebaseDatabase;
		};
/* End XCSwiftPackageProductDependency section */
	};
	rootObject = 765C49112CC203DF003A9D8C /* Project object */;
}
