// !$*UTF8*$!
{
	archiveVersion = 1;
	classes = {
	};
	objectVersion = 56;
	objects = {

/* Begin PBXBuildFile section */
		760E6FA82CD337CA007FD962 /* EventViewModel.swift in Sources */ = {isa = PBXBuildFile; fileRef = 760E6FA72CD337CA007FD962 /* EventViewModel.swift */; };
		760E6FAA2CD337DF007FD962 /* DateSelectionView.swift in Sources */ = {isa = PBXBuildFile; fileRef = 760E6FA92CD337DF007FD962 /* DateSelectionView.swift */; };
		760E6FAC2CD337F5007FD962 /* TimeSelectionView.swift in Sources */ = {isa = PBXBuildFile; fileRef = 760E6FAB2CD337F5007FD962 /* TimeSelectionView.swift */; };
		760E6FAE2CD33807007FD962 /* InviteFriendsView.swift in Sources */ = {isa = PBXBuildFile; fileRef = 760E6FAD2CD33807007FD962 /* InviteFriendsView.swift */; };
		760E6FB02CD33823007FD962 /* QRCodeView.swift in Sources */ = {isa = PBXBuildFile; fileRef = 760E6FAF2CD33823007FD962 /* QRCodeView.swift */; };
		765C491D2CC203DF003A9D8C /* Team02App.swift in Sources */ = {isa = PBXBuildFile; fileRef = 765C491C2CC203DF003A9D8C /* Team02App.swift */; };
		765C491F2CC203DF003A9D8C /* ContentView.swift in Sources */ = {isa = PBXBuildFile; fileRef = 765C491E2CC203DF003A9D8C /* ContentView.swift */; };
		765C49212CC203E1003A9D8C /* Assets.xcassets in Resources */ = {isa = PBXBuildFile; fileRef = 765C49202CC203E1003A9D8C /* Assets.xcassets */; };
		765C49242CC203E1003A9D8C /* Preview Assets.xcassets in Resources */ = {isa = PBXBuildFile; fileRef = 765C49232CC203E1003A9D8C /* Preview Assets.xcassets */; };
		76EBA4512CD07C14002C9836 /* User.swift in Sources */ = {isa = PBXBuildFile; fileRef = 76EBA4502CD07C14002C9836 /* User.swift */; };
		76EBA4532CD07CE8002C9836 /* Event.swift in Sources */ = {isa = PBXBuildFile; fileRef = 76EBA4522CD07CE8002C9836 /* Event.swift */; };
		76EBA4552CD07D0C002C9836 /* MenuDatabase.swift in Sources */ = {isa = PBXBuildFile; fileRef = 76EBA4542CD07D0C002C9836 /* MenuDatabase.swift */; };
		76EBA4572CD07D23002C9836 /* Transaction.swift in Sources */ = {isa = PBXBuildFile; fileRef = 76EBA4562CD07D23002C9836 /* Transaction.swift */; };
		76EBA4592CD07D45002C9836 /* Ingredient.swift in Sources */ = {isa = PBXBuildFile; fileRef = 76EBA4582CD07D45002C9836 /* Ingredient.swift */; };
		76EBA45B2CD07D5D002C9836 /* Recipe.swift in Sources */ = {isa = PBXBuildFile; fileRef = 76EBA45A2CD07D5D002C9836 /* Recipe.swift */; };
		76EBA45E2CD08B0B002C9836 /* HomePageViewModel.swift in Sources */ = {isa = PBXBuildFile; fileRef = 76EBA45D2CD08B0B002C9836 /* HomePageViewModel.swift */; };
		76EBA4602CD08B36002C9836 /* HomeView.swift in Sources */ = {isa = PBXBuildFile; fileRef = 76EBA45F2CD08B36002C9836 /* HomeView.swift */; };
		76EBA4642CD08B85002C9836 /* RecipeCard.swift in Sources */ = {isa = PBXBuildFile; fileRef = 76EBA4632CD08B85002C9836 /* RecipeCard.swift */; };
		76EBA4662CD08D7C002C9836 /* EventCard.swift in Sources */ = {isa = PBXBuildFile; fileRef = 76EBA4652CD08D7C002C9836 /* EventCard.swift */; };
		76EBA4682CD08D98002C9836 /* CategoryIcon.swift in Sources */ = {isa = PBXBuildFile; fileRef = 76EBA4672CD08D98002C9836 /* CategoryIcon.swift */; };
		76EBA46A2CD08DF2002C9836 /* EventRow.swift in Sources */ = {isa = PBXBuildFile; fileRef = 76EBA4692CD08DF2002C9836 /* EventRow.swift */; };
		76EBA46D2CD08FA3002C9836 /* profile_pic.jpeg in Resources */ = {isa = PBXBuildFile; fileRef = 76EBA46C2CD08FA3002C9836 /* profile_pic.jpeg */; };
/* End PBXBuildFile section */

/* Begin PBXFileReference section */
		760E6FA72CD337CA007FD962 /* EventViewModel.swift */ = {isa = PBXFileReference; lastKnownFileType = sourcecode.swift; path = EventViewModel.swift; sourceTree = "<group>"; };
		760E6FA92CD337DF007FD962 /* DateSelectionView.swift */ = {isa = PBXFileReference; lastKnownFileType = sourcecode.swift; path = DateSelectionView.swift; sourceTree = "<group>"; };
		760E6FAB2CD337F5007FD962 /* TimeSelectionView.swift */ = {isa = PBXFileReference; lastKnownFileType = sourcecode.swift; path = TimeSelectionView.swift; sourceTree = "<group>"; };
		760E6FAD2CD33807007FD962 /* InviteFriendsView.swift */ = {isa = PBXFileReference; lastKnownFileType = sourcecode.swift; path = InviteFriendsView.swift; sourceTree = "<group>"; };
		760E6FAF2CD33823007FD962 /* QRCodeView.swift */ = {isa = PBXFileReference; lastKnownFileType = sourcecode.swift; path = QRCodeView.swift; sourceTree = "<group>"; };
		765C49192CC203DF003A9D8C /* Team02.app */ = {isa = PBXFileReference; explicitFileType = wrapper.application; includeInIndex = 0; path = Team02.app; sourceTree = BUILT_PRODUCTS_DIR; };
		765C491C2CC203DF003A9D8C /* Team02App.swift */ = {isa = PBXFileReference; lastKnownFileType = sourcecode.swift; path = Team02App.swift; sourceTree = "<group>"; };
		765C491E2CC203DF003A9D8C /* ContentView.swift */ = {isa = PBXFileReference; lastKnownFileType = sourcecode.swift; path = ContentView.swift; sourceTree = "<group>"; };
		765C49202CC203E1003A9D8C /* Assets.xcassets */ = {isa = PBXFileReference; lastKnownFileType = folder.assetcatalog; path = Assets.xcassets; sourceTree = "<group>"; };
		765C49232CC203E1003A9D8C /* Preview Assets.xcassets */ = {isa = PBXFileReference; lastKnownFileType = folder.assetcatalog; path = "Preview Assets.xcassets"; sourceTree = "<group>"; };
		76EBA4502CD07C14002C9836 /* User.swift */ = {isa = PBXFileReference; lastKnownFileType = sourcecode.swift; path = User.swift; sourceTree = "<group>"; };
		76EBA4522CD07CE8002C9836 /* Event.swift */ = {isa = PBXFileReference; lastKnownFileType = sourcecode.swift; path = Event.swift; sourceTree = "<group>"; };
		76EBA4542CD07D0C002C9836 /* MenuDatabase.swift */ = {isa = PBXFileReference; lastKnownFileType = sourcecode.swift; path = MenuDatabase.swift; sourceTree = "<group>"; };
		76EBA4562CD07D23002C9836 /* Transaction.swift */ = {isa = PBXFileReference; lastKnownFileType = sourcecode.swift; path = Transaction.swift; sourceTree = "<group>"; };
		76EBA4582CD07D45002C9836 /* Ingredient.swift */ = {isa = PBXFileReference; lastKnownFileType = sourcecode.swift; path = Ingredient.swift; sourceTree = "<group>"; };
		76EBA45A2CD07D5D002C9836 /* Recipe.swift */ = {isa = PBXFileReference; lastKnownFileType = sourcecode.swift; path = Recipe.swift; sourceTree = "<group>"; };
		76EBA45D2CD08B0B002C9836 /* HomePageViewModel.swift */ = {isa = PBXFileReference; lastKnownFileType = sourcecode.swift; path = HomePageViewModel.swift; sourceTree = "<group>"; };
		76EBA45F2CD08B36002C9836 /* HomeView.swift */ = {isa = PBXFileReference; lastKnownFileType = sourcecode.swift; path = HomeView.swift; sourceTree = "<group>"; };
		76EBA4632CD08B85002C9836 /* RecipeCard.swift */ = {isa = PBXFileReference; lastKnownFileType = sourcecode.swift; path = RecipeCard.swift; sourceTree = "<group>"; };
		76EBA4652CD08D7C002C9836 /* EventCard.swift */ = {isa = PBXFileReference; lastKnownFileType = sourcecode.swift; path = EventCard.swift; sourceTree = "<group>"; };
		76EBA4672CD08D98002C9836 /* CategoryIcon.swift */ = {isa = PBXFileReference; lastKnownFileType = sourcecode.swift; path = CategoryIcon.swift; sourceTree = "<group>"; };
		76EBA4692CD08DF2002C9836 /* EventRow.swift */ = {isa = PBXFileReference; lastKnownFileType = sourcecode.swift; path = EventRow.swift; sourceTree = "<group>"; };
		76EBA46C2CD08FA3002C9836 /* profile_pic.jpeg */ = {isa = PBXFileReference; lastKnownFileType = image.jpeg; path = profile_pic.jpeg; sourceTree = "<group>"; };
/* End PBXFileReference section */

/* Begin PBXFrameworksBuildPhase section */
		765C49162CC203DF003A9D8C /* Frameworks */ = {
			isa = PBXFrameworksBuildPhase;
			buildActionMask = 2147483647;
			files = (
			);
			runOnlyForDeploymentPostprocessing = 0;
		};
/* End PBXFrameworksBuildPhase section */

/* Begin PBXGroup section */
		760E6FA52CD33763007FD962 /* Home */ = {
			isa = PBXGroup;
			children = (
				76EBA4692CD08DF2002C9836 /* EventRow.swift */,
				76EBA4652CD08D7C002C9836 /* EventCard.swift */,
				76EBA4672CD08D98002C9836 /* CategoryIcon.swift */,
				76EBA4632CD08B85002C9836 /* RecipeCard.swift */,
				76EBA45F2CD08B36002C9836 /* HomeView.swift */,
			);
			path = Home;
			sourceTree = "<group>";
		};
		760E6FA62CD33771007FD962 /* CreateEvent */ = {
			isa = PBXGroup;
			children = (
				760E6FA92CD337DF007FD962 /* DateSelectionView.swift */,
				760E6FAB2CD337F5007FD962 /* TimeSelectionView.swift */,
				760E6FAD2CD33807007FD962 /* InviteFriendsView.swift */,
				760E6FAF2CD33823007FD962 /* QRCodeView.swift */,
			);
			path = CreateEvent;
			sourceTree = "<group>";
		};
		765C49102CC203DF003A9D8C = {
			isa = PBXGroup;
			children = (
				765C491B2CC203DF003A9D8C /* Team02 */,
				765C491A2CC203DF003A9D8C /* Products */,
			);
			sourceTree = "<group>";
		};
		765C491A2CC203DF003A9D8C /* Products */ = {
			isa = PBXGroup;
			children = (
				765C49192CC203DF003A9D8C /* Team02.app */,
			);
			name = Products;
			sourceTree = "<group>";
		};
		765C491B2CC203DF003A9D8C /* Team02 */ = {
			isa = PBXGroup;
			children = (
				76EBA45C2CD08AFB002C9836 /* ViewModel */,
				76EBA44F2CD07BA2002C9836 /* Views */,
				76EBA44E2CD07B9B002C9836 /* Models */,
				765C491C2CC203DF003A9D8C /* Team02App.swift */,
				765C49202CC203E1003A9D8C /* Assets.xcassets */,
				76EBA46C2CD08FA3002C9836 /* profile_pic.jpeg */,
				765C49222CC203E1003A9D8C /* Preview Content */,
			);
			path = Team02;
			sourceTree = "<group>";
		};
		765C49222CC203E1003A9D8C /* Preview Content */ = {
			isa = PBXGroup;
			children = (
				765C49232CC203E1003A9D8C /* Preview Assets.xcassets */,
			);
			path = "Preview Content";
			sourceTree = "<group>";
		};
		76EBA44E2CD07B9B002C9836 /* Models */ = {
			isa = PBXGroup;
			children = (
				76EBA4502CD07C14002C9836 /* User.swift */,
				76EBA4522CD07CE8002C9836 /* Event.swift */,
				76EBA4542CD07D0C002C9836 /* MenuDatabase.swift */,
				76EBA4562CD07D23002C9836 /* Transaction.swift */,
				76EBA4582CD07D45002C9836 /* Ingredient.swift */,
				76EBA45A2CD07D5D002C9836 /* Recipe.swift */,
			);
			path = Models;
			sourceTree = "<group>";
		};
		76EBA44F2CD07BA2002C9836 /* Views */ = {
			isa = PBXGroup;
			children = (
				760E6FA62CD33771007FD962 /* CreateEvent */,
				760E6FA52CD33763007FD962 /* Home */,
				765C491E2CC203DF003A9D8C /* ContentView.swift */,
			);
			path = Views;
			sourceTree = "<group>";
		};
		76EBA45C2CD08AFB002C9836 /* ViewModel */ = {
			isa = PBXGroup;
			children = (
				76EBA45D2CD08B0B002C9836 /* HomePageViewModel.swift */,
				760E6FA72CD337CA007FD962 /* EventViewModel.swift */,
			);
			path = ViewModel;
			sourceTree = "<group>";
		};
/* End PBXGroup section */

/* Begin PBXNativeTarget section */
		765C49182CC203DF003A9D8C /* Team02 */ = {
			isa = PBXNativeTarget;
			buildConfigurationList = 765C49272CC203E1003A9D8C /* Build configuration list for PBXNativeTarget "Team02" */;
			buildPhases = (
				765C49152CC203DF003A9D8C /* Sources */,
				765C49162CC203DF003A9D8C /* Frameworks */,
				765C49172CC203DF003A9D8C /* Resources */,
			);
			buildRules = (
			);
			dependencies = (
			);
			name = Team02;
			productName = Team02;
			productReference = 765C49192CC203DF003A9D8C /* Team02.app */;
			productType = "com.apple.product-type.application";
		};
/* End PBXNativeTarget section */

/* Begin PBXProject section */
		765C49112CC203DF003A9D8C /* Project object */ = {
			isa = PBXProject;
			attributes = {
				BuildIndependentTargetsInParallel = 1;
				LastSwiftUpdateCheck = 1540;
				LastUpgradeCheck = 1540;
				TargetAttributes = {
					765C49182CC203DF003A9D8C = {
						CreatedOnToolsVersion = 15.4;
					};
				};
			};
			buildConfigurationList = 765C49142CC203DF003A9D8C /* Build configuration list for PBXProject "Team02" */;
			compatibilityVersion = "Xcode 14.0";
			developmentRegion = en;
			hasScannedForEncodings = 0;
			knownRegions = (
				en,
				Base,
			);
			mainGroup = 765C49102CC203DF003A9D8C;
			productRefGroup = 765C491A2CC203DF003A9D8C /* Products */;
			projectDirPath = "";
			projectRoot = "";
			targets = (
				765C49182CC203DF003A9D8C /* Team02 */,
			);
		};
/* End PBXProject section */

/* Begin PBXResourcesBuildPhase section */
		765C49172CC203DF003A9D8C /* Resources */ = {
			isa = PBXResourcesBuildPhase;
			buildActionMask = 2147483647;
			files = (
				76EBA46D2CD08FA3002C9836 /* profile_pic.jpeg in Resources */,
				765C49242CC203E1003A9D8C /* Preview Assets.xcassets in Resources */,
				765C49212CC203E1003A9D8C /* Assets.xcassets in Resources */,
			);
			runOnlyForDeploymentPostprocessing = 0;
		};
/* End PBXResourcesBuildPhase section */

/* Begin PBXSourcesBuildPhase section */
		765C49152CC203DF003A9D8C /* Sources */ = {
			isa = PBXSourcesBuildPhase;
			buildActionMask = 2147483647;
			files = (
				76EBA4682CD08D98002C9836 /* CategoryIcon.swift in Sources */,
				760E6FAA2CD337DF007FD962 /* DateSelectionView.swift in Sources */,
				76EBA4572CD07D23002C9836 /* Transaction.swift in Sources */,
				76EBA4512CD07C14002C9836 /* User.swift in Sources */,
				76EBA45E2CD08B0B002C9836 /* HomePageViewModel.swift in Sources */,
				760E6FAC2CD337F5007FD962 /* TimeSelectionView.swift in Sources */,
				76EBA4602CD08B36002C9836 /* HomeView.swift in Sources */,
				76EBA4552CD07D0C002C9836 /* MenuDatabase.swift in Sources */,
				76EBA4642CD08B85002C9836 /* RecipeCard.swift in Sources */,
				760E6FB02CD33823007FD962 /* QRCodeView.swift in Sources */,
				765C491F2CC203DF003A9D8C /* ContentView.swift in Sources */,
				76EBA4592CD07D45002C9836 /* Ingredient.swift in Sources */,
				760E6FAE2CD33807007FD962 /* InviteFriendsView.swift in Sources */,
				76EBA45B2CD07D5D002C9836 /* Recipe.swift in Sources */,
				765C491D2CC203DF003A9D8C /* Team02App.swift in Sources */,
				76EBA46A2CD08DF2002C9836 /* EventRow.swift in Sources */,
				76EBA4532CD07CE8002C9836 /* Event.swift in Sources */,
				760E6FA82CD337CA007FD962 /* EventViewModel.swift in Sources */,
				76EBA4662CD08D7C002C9836 /* EventCard.swift in Sources */,
			);
			runOnlyForDeploymentPostprocessing = 0;
		};
/* End PBXSourcesBuildPhase section */

/* Begin XCBuildConfiguration section */
		765C49252CC203E1003A9D8C /* Debug */ = {
			isa = XCBuildConfiguration;
			buildSettings = {
				ALWAYS_SEARCH_USER_PATHS = NO;
				ASSETCATALOG_COMPILER_GENERATE_SWIFT_ASSET_SYMBOL_EXTENSIONS = YES;
				CLANG_ANALYZER_NONNULL = YES;
				CLANG_ANALYZER_NUMBER_OBJECT_CONVERSION = YES_AGGRESSIVE;
				CLANG_CXX_LANGUAGE_STANDARD = "gnu++20";
				CLANG_ENABLE_MODULES = YES;
				CLANG_ENABLE_OBJC_ARC = YES;
				CLANG_ENABLE_OBJC_WEAK = YES;
				CLANG_WARN_BLOCK_CAPTURE_AUTORELEASING = YES;
				CLANG_WARN_BOOL_CONVERSION = YES;
				CLANG_WARN_COMMA = YES;
				CLANG_WARN_CONSTANT_CONVERSION = YES;
				CLANG_WARN_DEPRECATED_OBJC_IMPLEMENTATIONS = YES;
				CLANG_WARN_DIRECT_OBJC_ISA_USAGE = YES_ERROR;
				CLANG_WARN_DOCUMENTATION_COMMENTS = YES;
				CLANG_WARN_EMPTY_BODY = YES;
				CLANG_WARN_ENUM_CONVERSION = YES;
				CLANG_WARN_INFINITE_RECURSION = YES;
				CLANG_WARN_INT_CONVERSION = YES;
				CLANG_WARN_NON_LITERAL_NULL_CONVERSION = YES;
				CLANG_WARN_OBJC_IMPLICIT_RETAIN_SELF = YES;
				CLANG_WARN_OBJC_LITERAL_CONVERSION = YES;
				CLANG_WARN_OBJC_ROOT_CLASS = YES_ERROR;
				CLANG_WARN_QUOTED_INCLUDE_IN_FRAMEWORK_HEADER = YES;
				CLANG_WARN_RANGE_LOOP_ANALYSIS = YES;
				CLANG_WARN_STRICT_PROTOTYPES = YES;
				CLANG_WARN_SUSPICIOUS_MOVE = YES;
				CLANG_WARN_UNGUARDED_AVAILABILITY = YES_AGGRESSIVE;
				CLANG_WARN_UNREACHABLE_CODE = YES;
				CLANG_WARN__DUPLICATE_METHOD_MATCH = YES;
				COPY_PHASE_STRIP = NO;
				DEBUG_INFORMATION_FORMAT = dwarf;
				ENABLE_STRICT_OBJC_MSGSEND = YES;
				ENABLE_TESTABILITY = YES;
				ENABLE_USER_SCRIPT_SANDBOXING = YES;
				GCC_C_LANGUAGE_STANDARD = gnu17;
				GCC_DYNAMIC_NO_PIC = NO;
				GCC_NO_COMMON_BLOCKS = YES;
				GCC_OPTIMIZATION_LEVEL = 0;
				GCC_PREPROCESSOR_DEFINITIONS = (
					"DEBUG=1",
					"$(inherited)",
				);
				GCC_WARN_64_TO_32_BIT_CONVERSION = YES;
				GCC_WARN_ABOUT_RETURN_TYPE = YES_ERROR;
				GCC_WARN_UNDECLARED_SELECTOR = YES;
				GCC_WARN_UNINITIALIZED_AUTOS = YES_AGGRESSIVE;
				GCC_WARN_UNUSED_FUNCTION = YES;
				GCC_WARN_UNUSED_VARIABLE = YES;
				IPHONEOS_DEPLOYMENT_TARGET = 17.5;
				LOCALIZATION_PREFERS_STRING_CATALOGS = YES;
				MTL_ENABLE_DEBUG_INFO = INCLUDE_SOURCE;
				MTL_FAST_MATH = YES;
				ONLY_ACTIVE_ARCH = YES;
				SDKROOT = iphoneos;
				SWIFT_ACTIVE_COMPILATION_CONDITIONS = "DEBUG $(inherited)";
				SWIFT_OPTIMIZATION_LEVEL = "-Onone";
			};
			name = Debug;
		};
		765C49262CC203E1003A9D8C /* Release */ = {
			isa = XCBuildConfiguration;
			buildSettings = {
				ALWAYS_SEARCH_USER_PATHS = NO;
				ASSETCATALOG_COMPILER_GENERATE_SWIFT_ASSET_SYMBOL_EXTENSIONS = YES;
				CLANG_ANALYZER_NONNULL = YES;
				CLANG_ANALYZER_NUMBER_OBJECT_CONVERSION = YES_AGGRESSIVE;
				CLANG_CXX_LANGUAGE_STANDARD = "gnu++20";
				CLANG_ENABLE_MODULES = YES;
				CLANG_ENABLE_OBJC_ARC = YES;
				CLANG_ENABLE_OBJC_WEAK = YES;
				CLANG_WARN_BLOCK_CAPTURE_AUTORELEASING = YES;
				CLANG_WARN_BOOL_CONVERSION = YES;
				CLANG_WARN_COMMA = YES;
				CLANG_WARN_CONSTANT_CONVERSION = YES;
				CLANG_WARN_DEPRECATED_OBJC_IMPLEMENTATIONS = YES;
				CLANG_WARN_DIRECT_OBJC_ISA_USAGE = YES_ERROR;
				CLANG_WARN_DOCUMENTATION_COMMENTS = YES;
				CLANG_WARN_EMPTY_BODY = YES;
				CLANG_WARN_ENUM_CONVERSION = YES;
				CLANG_WARN_INFINITE_RECURSION = YES;
				CLANG_WARN_INT_CONVERSION = YES;
				CLANG_WARN_NON_LITERAL_NULL_CONVERSION = YES;
				CLANG_WARN_OBJC_IMPLICIT_RETAIN_SELF = YES;
				CLANG_WARN_OBJC_LITERAL_CONVERSION = YES;
				CLANG_WARN_OBJC_ROOT_CLASS = YES_ERROR;
				CLANG_WARN_QUOTED_INCLUDE_IN_FRAMEWORK_HEADER = YES;
				CLANG_WARN_RANGE_LOOP_ANALYSIS = YES;
				CLANG_WARN_STRICT_PROTOTYPES = YES;
				CLANG_WARN_SUSPICIOUS_MOVE = YES;
				CLANG_WARN_UNGUARDED_AVAILABILITY = YES_AGGRESSIVE;
				CLANG_WARN_UNREACHABLE_CODE = YES;
				CLANG_WARN__DUPLICATE_METHOD_MATCH = YES;
				COPY_PHASE_STRIP = NO;
				DEBUG_INFORMATION_FORMAT = "dwarf-with-dsym";
				ENABLE_NS_ASSERTIONS = NO;
				ENABLE_STRICT_OBJC_MSGSEND = YES;
				ENABLE_USER_SCRIPT_SANDBOXING = YES;
				GCC_C_LANGUAGE_STANDARD = gnu17;
				GCC_NO_COMMON_BLOCKS = YES;
				GCC_WARN_64_TO_32_BIT_CONVERSION = YES;
				GCC_WARN_ABOUT_RETURN_TYPE = YES_ERROR;
				GCC_WARN_UNDECLARED_SELECTOR = YES;
				GCC_WARN_UNINITIALIZED_AUTOS = YES_AGGRESSIVE;
				GCC_WARN_UNUSED_FUNCTION = YES;
				GCC_WARN_UNUSED_VARIABLE = YES;
				IPHONEOS_DEPLOYMENT_TARGET = 17.5;
				LOCALIZATION_PREFERS_STRING_CATALOGS = YES;
				MTL_ENABLE_DEBUG_INFO = NO;
				MTL_FAST_MATH = YES;
				SDKROOT = iphoneos;
				SWIFT_COMPILATION_MODE = wholemodule;
				VALIDATE_PRODUCT = YES;
			};
			name = Release;
		};
		765C49282CC203E1003A9D8C /* Debug */ = {
			isa = XCBuildConfiguration;
			buildSettings = {
				ASSETCATALOG_COMPILER_APPICON_NAME = AppIcon;
				ASSETCATALOG_COMPILER_GLOBAL_ACCENT_COLOR_NAME = AccentColor;
				CODE_SIGN_STYLE = Automatic;
				CURRENT_PROJECT_VERSION = 1;
				DEVELOPMENT_ASSET_PATHS = "\"Team02/Preview Content\"";
				DEVELOPMENT_TEAM = PXC7N5QS4B;
				ENABLE_PREVIEWS = YES;
				GENERATE_INFOPLIST_FILE = YES;
				INFOPLIST_KEY_UIApplicationSceneManifest_Generation = YES;
				INFOPLIST_KEY_UIApplicationSupportsIndirectInputEvents = YES;
				INFOPLIST_KEY_UILaunchScreen_Generation = YES;
				INFOPLIST_KEY_UISupportedInterfaceOrientations_iPad = "UIInterfaceOrientationPortrait UIInterfaceOrientationPortraitUpsideDown UIInterfaceOrientationLandscapeLeft UIInterfaceOrientationLandscapeRight";
				INFOPLIST_KEY_UISupportedInterfaceOrientations_iPhone = "UIInterfaceOrientationPortrait UIInterfaceOrientationLandscapeLeft UIInterfaceOrientationLandscapeRight";
				LD_RUNPATH_SEARCH_PATHS = (
					"$(inherited)",
					"@executable_path/Frameworks",
				);
				MARKETING_VERSION = 1.0;
				PRODUCT_BUNDLE_IDENTIFIER = cmuis.Team02;
				PRODUCT_NAME = "$(TARGET_NAME)";
				SWIFT_EMIT_LOC_STRINGS = YES;
				SWIFT_VERSION = 5.0;
				TARGETED_DEVICE_FAMILY = "1,2";
			};
			name = Debug;
		};
		765C49292CC203E1003A9D8C /* Release */ = {
			isa = XCBuildConfiguration;
			buildSettings = {
				ASSETCATALOG_COMPILER_APPICON_NAME = AppIcon;
				ASSETCATALOG_COMPILER_GLOBAL_ACCENT_COLOR_NAME = AccentColor;
				CODE_SIGN_STYLE = Automatic;
				CURRENT_PROJECT_VERSION = 1;
				DEVELOPMENT_ASSET_PATHS = "\"Team02/Preview Content\"";
				DEVELOPMENT_TEAM = PXC7N5QS4B;
				ENABLE_PREVIEWS = YES;
				GENERATE_INFOPLIST_FILE = YES;
				INFOPLIST_KEY_UIApplicationSceneManifest_Generation = YES;
				INFOPLIST_KEY_UIApplicationSupportsIndirectInputEvents = YES;
				INFOPLIST_KEY_UILaunchScreen_Generation = YES;
				INFOPLIST_KEY_UISupportedInterfaceOrientations_iPad = "UIInterfaceOrientationPortrait UIInterfaceOrientationPortraitUpsideDown UIInterfaceOrientationLandscapeLeft UIInterfaceOrientationLandscapeRight";
				INFOPLIST_KEY_UISupportedInterfaceOrientations_iPhone = "UIInterfaceOrientationPortrait UIInterfaceOrientationLandscapeLeft UIInterfaceOrientationLandscapeRight";
				LD_RUNPATH_SEARCH_PATHS = (
					"$(inherited)",
					"@executable_path/Frameworks",
				);
				MARKETING_VERSION = 1.0;
				PRODUCT_BUNDLE_IDENTIFIER = cmuis.Team02;
				PRODUCT_NAME = "$(TARGET_NAME)";
				SWIFT_EMIT_LOC_STRINGS = YES;
				SWIFT_VERSION = 5.0;
				TARGETED_DEVICE_FAMILY = "1,2";
			};
			name = Release;
		};
/* End XCBuildConfiguration section */

/* Begin XCConfigurationList section */
		765C49142CC203DF003A9D8C /* Build configuration list for PBXProject "Team02" */ = {
			isa = XCConfigurationList;
			buildConfigurations = (
				765C49252CC203E1003A9D8C /* Debug */,
				765C49262CC203E1003A9D8C /* Release */,
			);
			defaultConfigurationIsVisible = 0;
			defaultConfigurationName = Release;
		};
		765C49272CC203E1003A9D8C /* Build configuration list for PBXNativeTarget "Team02" */ = {
			isa = XCConfigurationList;
			buildConfigurations = (
				765C49282CC203E1003A9D8C /* Debug */,
				765C49292CC203E1003A9D8C /* Release */,
			);
			defaultConfigurationIsVisible = 0;
			defaultConfigurationName = Release;
		};
/* End XCConfigurationList section */
	};
	rootObject = 765C49112CC203DF003A9D8C /* Project object */;
}
